
Microsoft Visual Studio Solution File, Format Version 12.00
# Visual Studio Version 17
VisualStudioVersion = 17.7.34024.191
MinimumVisualStudioVersion = 10.0.40219.1
Project("{9A19103F-16F7-4668-BE54-9A1E7A4F7556}") = "UML3_Katrine", "UML3_Katrine\UML3_Katrine.csproj", "{5D061F6A-9638-499F-AEF3-02E2F11BC18B}"
EndProject
Project("{FAE04EC0-301F-11D3-BF4B-00C04F79EFBC}") = "UML3_Test", "UML3_Test\UML3_Test.csproj", "{8A570EDE-9589-47C7-B23E-779815EF1047}"
EndProject
Global
	GlobalSection(SolutionConfigurationPlatforms) = preSolution
		Debug|Any CPU = Debug|Any CPU
		Release|Any CPU = Release|Any CPU
	EndGlobalSection
	GlobalSection(ProjectConfigurationPlatforms) = postSolution
		{5D061F6A-9638-499F-AEF3-02E2F11BC18B}.Debug|Any CPU.ActiveCfg = Debug|Any CPU
		{5D061F6A-9638-499F-AEF3-02E2F11BC18B}.Debug|Any CPU.Build.0 = Debug|Any CPU
		{5D061F6A-9638-499F-AEF3-02E2F11BC18B}.Release|Any CPU.ActiveCfg = Release|Any CPU
		{5D061F6A-9638-499F-AEF3-02E2F11BC18B}.Release|Any CPU.Build.0 = Release|Any CPU
		{8A570EDE-9589-47C7-B23E-779815EF1047}.Debug|Any CPU.ActiveCfg = Debug|Any CPU
		{8A570EDE-9589-47C7-B23E-779815EF1047}.Debug|Any CPU.Build.0 = Debug|Any CPU
		{8A570EDE-9589-47C7-B23E-779815EF1047}.Release|Any CPU.ActiveCfg = Release|Any CPU
		{8A570EDE-9589-47C7-B23E-779815EF1047}.Release|Any CPU.Build.0 = Release|Any CPU
	EndGlobalSection
	GlobalSection(SolutionProperties) = preSolution
		HideSolutionNode = FALSE
	EndGlobalSection
	GlobalSection(ExtensibilityGlobals) = postSolution
		SolutionGuid = {6D21C7FE-A7EB-4C00-9D9F-77F1F18D39BB}
	EndGlobalSection
EndGlobal
